
Microsoft Visual Studio Solution File, Format Version 12.00
# Visual Studio Version 17
VisualStudioVersion = 17.7.34031.279
MinimumVisualStudioVersion = 10.0.40219.1
Project("{2150E333-8FDC-42A3-9474-1A3956D46DE8}") = "Task0", "Task0", "{513AD4E9-4487-44C5-8E35-CB2DB1037C35}"
EndProject
Project("{FAE04EC0-301F-11D3-BF4B-00C04F79EFBC}") = "Tyuiu.AgafonovKS.Sprint2.Task0.V22", "Tyuiu.AgafonovKS.Sprint2.Task0.V22\Tyuiu.AgafonovKS.Sprint2.Task0.V22.csproj", "{06D55715-BC55-46CD-96FE-D509F18FEB35}"
EndProject
Project("{FAE04EC0-301F-11D3-BF4B-00C04F79EFBC}") = "Tyuiu.AgafonovKS.Sprint2.Task0.V22.Lib", "Tyuiu.AgafonovKS.Sprint2.Task0.V22.Lib\Tyuiu.AgafonovKS.Sprint2.Task0.V22.Lib.csproj", "{94CB7350-3AB4-4FE6-ACC6-C857A36458B4}"
EndProject
Project("{FAE04EC0-301F-11D3-BF4B-00C04F79EFBC}") = "Tyuiu.AgafonovKS.Sprint2.Task0.V22.Test", "Tyuiu.AgafonovKS.Sprint2.Task0.V22.Test\Tyuiu.AgafonovKS.Sprint2.Task0.V22.Test.csproj", "{30A201E9-B795-46C7-B01A-4BCAA303F466}"
EndProject
Project("{2150E333-8FDC-42A3-9474-1A3956D46DE8}") = "Task1", "Task1", "{A1F8B4A6-55DE-458F-8875-43591C2DD12D}"
EndProject
Project("{FAE04EC0-301F-11D3-BF4B-00C04F79EFBC}") = "Tyuiu.AgafonovKS.Sprint2.Task1.V16", "Tyuiu.AgafonovKS.Sprint2.Task1.V16\Tyuiu.AgafonovKS.Sprint2.Task1.V16.csproj", "{056B9939-9BD6-40A3-8736-825E82CF6E8F}"
EndProject
Project("{FAE04EC0-301F-11D3-BF4B-00C04F79EFBC}") = "Tyuiu.AgafonovKS.Sprint2.Task1.V16.Lib", "Tyuiu.AgafonovKS.Sprint2.Task1.V16.Lib\Tyuiu.AgafonovKS.Sprint2.Task1.V16.Lib.csproj", "{20AC11EF-B1FF-40C5-9AD9-FA16F7209A12}"
EndProject
Project("{FAE04EC0-301F-11D3-BF4B-00C04F79EFBC}") = "Tyuiu.AgafonovKS.Sprint2.Task1.V16.Test", "Tyuiu.AgafonovKS.Sprint2.Task1.V16.Test\Tyuiu.AgafonovKS.Sprint2.Task1.V16.Test.csproj", "{FDBC21B8-C2CB-4404-ADC3-F2858D47E2B1}"
EndProject
Project("{2150E333-8FDC-42A3-9474-1A3956D46DE8}") = "Task2", "Task2", "{4795E845-4519-44A0-AB72-61B1866D1012}"
EndProject
Project("{FAE04EC0-301F-11D3-BF4B-00C04F79EFBC}") = "Tyuiu.AgafonovKS.Sprint2.Task2.V11", "Tyuiu.AgafonovKS.Sprint2.Task2.V11\Tyuiu.AgafonovKS.Sprint2.Task2.V11.csproj", "{2D44BB2C-77CB-4871-B06F-2668A0467D47}"
EndProject
Project("{FAE04EC0-301F-11D3-BF4B-00C04F79EFBC}") = "Tyuiu.AgafonovKS.Sprint2.Task2.V11.Lib", "Tyuiu.AgafonovKS.Sprint2.Task2.V11.Lib\Tyuiu.AgafonovKS.Sprint2.Task2.V11.Lib.csproj", "{0D729B39-EA86-4BB9-B1F8-4F26F16E476C}"
EndProject
Project("{FAE04EC0-301F-11D3-BF4B-00C04F79EFBC}") = "Tyuiu.AgafonovKS.Sprint2.Task2.V11.Test", "Tyuiu.AgafonovKS.Sprint2.Task2.V11.Test\Tyuiu.AgafonovKS.Sprint2.Task2.V11.Test.csproj", "{E6910393-2D19-42C6-A4C6-923D48D399C6}"
EndProject
Project("{2150E333-8FDC-42A3-9474-1A3956D46DE8}") = "Task3", "Task3", "{9CF66F67-77A6-4935-8F2A-1B12A920D48B}"
EndProject
Project("{FAE04EC0-301F-11D3-BF4B-00C04F79EFBC}") = "Tyuiu.AgafonovKS.Sprint2.Task3.V2", "Tyuiu.AgafonovKS.Sprint2.Task3.V2\Tyuiu.AgafonovKS.Sprint2.Task3.V2.csproj", "{98486164-F60E-4C17-AEB7-0CB58CB0714A}"
EndProject
Project("{FAE04EC0-301F-11D3-BF4B-00C04F79EFBC}") = "Tyuiu.AgafonovKS.Sprint2.Task3.V2.Lib", "Tyuiu.AgafonovKS.Sprint2.Task3.V2.Lib\Tyuiu.AgafonovKS.Sprint2.Task3.V2.Lib.csproj", "{13C43961-7D16-41DC-825F-BFF3D3066B11}"
EndProject
Project("{FAE04EC0-301F-11D3-BF4B-00C04F79EFBC}") = "Tyuiu.AgafonovKS.Sprint2.Task3.V2.Test", "Tyuiu.AgafonovKS.Sprint2.Task3.V2.Test\Tyuiu.AgafonovKS.Sprint2.Task3.V2.Test.csproj", "{AD9BA482-25FF-402A-B35F-AB0EFEA09D82}"
EndProject
Project("{2150E333-8FDC-42A3-9474-1A3956D46DE8}") = "Task4", "Task4", "{29D05699-CC78-4FC1-80D1-6A8A72489F97}"
EndProject
Project("{FAE04EC0-301F-11D3-BF4B-00C04F79EFBC}") = "Tyuiu.AgafonovKS.Sprint2.Task4.V29", "Tyuiu.AgafonovKS.Sprint2.Task4.V29\Tyuiu.AgafonovKS.Sprint2.Task4.V29.csproj", "{A92B8D1B-4E6A-4C8E-B5E5-E342EDA71AFB}"
EndProject
Project("{FAE04EC0-301F-11D3-BF4B-00C04F79EFBC}") = "Tyuiu.AgafonovKS.Sprint2.Task4.V29.Lib", "Tyuiu.AgafonovKS.Sprint2.Task4.V29.Lib\Tyuiu.AgafonovKS.Sprint2.Task4.V29.Lib.csproj", "{84F50677-0256-4CF4-AEFD-C69AB66E7323}"
EndProject
Project("{FAE04EC0-301F-11D3-BF4B-00C04F79EFBC}") = "Tyuiu.AgafonovKS.Sprint2.Task4.V29.Test", "Tyuiu.AgafonovKS.Sprint2.Task4.V29.Test\Tyuiu.AgafonovKS.Sprint2.Task4.V29.Test.csproj", "{20D40B61-E48C-4E3E-A44E-C19588598374}"
EndProject
Project("{2150E333-8FDC-42A3-9474-1A3956D46DE8}") = "Task5", "Task5", "{DDF82E03-5200-4713-94A8-C9430BF705A7}"
EndProject
Project("{FAE04EC0-301F-11D3-BF4B-00C04F79EFBC}") = "Tyuiu.AgafonovKS.Sprint2.Task5.V8", "Tyuiu.AgafonovKS.Sprint2.Task5.V8\Tyuiu.AgafonovKS.Sprint2.Task5.V8.csproj", "{7E5F7A8F-AAB7-4C20-9420-07BF28C48376}"
EndProject
Project("{FAE04EC0-301F-11D3-BF4B-00C04F79EFBC}") = "Tyuiu.AgafonovKS.Sprint2.Task5.V8.Lib", "Tyuiu.AgafonovKS.Sprint2.Task5.V8.Lib\Tyuiu.AgafonovKS.Sprint2.Task5.V8.Lib.csproj", "{D8EF95B0-0078-4FBF-B5B4-F3AF36144A4D}"
EndProject
Project("{FAE04EC0-301F-11D3-BF4B-00C04F79EFBC}") = "Tyuiu.AgafonovKS.Sprint2.Task5.V8.Test", "Tyuiu.AgafonovKS.Sprint2.Task5.V8.Test\Tyuiu.AgafonovKS.Sprint2.Task5.V8.Test.csproj", "{D039E594-6412-48C4-80D7-FFED2CD9785E}"
EndProject
Project("{2150E333-8FDC-42A3-9474-1A3956D46DE8}") = "Task6", "Task6", "{50B1FB6E-AF38-4EA6-B964-10915FF2BA15}"
EndProject
Project("{FAE04EC0-301F-11D3-BF4B-00C04F79EFBC}") = "Tyuiu.AgafonovKS.Sprint2.Task6.V1", "Tyuiu.AgafonovKS.Sprint2.Task6.V1\Tyuiu.AgafonovKS.Sprint2.Task6.V1.csproj", "{AB10D826-C15F-4DA1-9936-D445A78D6DBF}"
EndProject
Project("{FAE04EC0-301F-11D3-BF4B-00C04F79EFBC}") = "Tyuiu.AgafonovKS.Sprint2.Task6.V1.Lib", "Tyuiu.AgafonovKS.Sprint2.Task6.V1.Lib\Tyuiu.AgafonovKS.Sprint2.Task6.V1.Lib.csproj", "{E8ABCDD3-A3B3-4177-B786-909710BA47DE}"
EndProject
Project("{FAE04EC0-301F-11D3-BF4B-00C04F79EFBC}") = "Tyuiu.AgafonovKS.Sprint2.Task6.V1.Test", "Tyuiu.AgafonovKS.Sprint2.Task6.V1.Test\Tyuiu.AgafonovKS.Sprint2.Task6.V1.Test.csproj", "{184C347A-E086-4F40-8649-FD4D795F10A5}"
EndProject
Project("{2150E333-8FDC-42A3-9474-1A3956D46DE8}") = "Task7", "Task7", "{2C275823-7671-4796-97B3-B69F0B8E4B5F}"
EndProject
Project("{FAE04EC0-301F-11D3-BF4B-00C04F79EFBC}") = "Tyuiu.AgafonovKS.Sprint2.Task7.V3", "Tyuiu.AgafonovKS.Sprint2.Task7.V3\Tyuiu.AgafonovKS.Sprint2.Task7.V3.csproj", "{05398F55-1A3B-4907-A6A9-5C44D7562A37}"
EndProject
Project("{FAE04EC0-301F-11D3-BF4B-00C04F79EFBC}") = "Tyuiu.AgafonovKS.Sprint2.Task7.V3.Lib", "Tyuiu.AgafonovKS.Sprint2.Task7.V3.Lib\Tyuiu.AgafonovKS.Sprint2.Task7.V3.Lib.csproj", "{D29E3E71-A2CB-439F-BB6C-A32D6AFAA27B}"
EndProject
Project("{FAE04EC0-301F-11D3-BF4B-00C04F79EFBC}") = "Tyuiu.AgafonovKS.Sprint2.Task7.V3.Test", "Tyuiu.AgafonovKS.Sprint2.Task7.V3.Test\Tyuiu.AgafonovKS.Sprint2.Task7.V3.Test.csproj", "{8BEC19A4-8468-4AB8-A904-FCE0594986D9}"
EndProject
Global
	GlobalSection(SolutionConfigurationPlatforms) = preSolution
		Debug|Any CPU = Debug|Any CPU
		Release|Any CPU = Release|Any CPU
	EndGlobalSection
	GlobalSection(ProjectConfigurationPlatforms) = postSolution
		{06D55715-BC55-46CD-96FE-D509F18FEB35}.Debug|Any CPU.ActiveCfg = Debug|Any CPU
		{06D55715-BC55-46CD-96FE-D509F18FEB35}.Debug|Any CPU.Build.0 = Debug|Any CPU
		{06D55715-BC55-46CD-96FE-D509F18FEB35}.Release|Any CPU.ActiveCfg = Release|Any CPU
		{06D55715-BC55-46CD-96FE-D509F18FEB35}.Release|Any CPU.Build.0 = Release|Any CPU
		{94CB7350-3AB4-4FE6-ACC6-C857A36458B4}.Debug|Any CPU.ActiveCfg = Debug|Any CPU
		{94CB7350-3AB4-4FE6-ACC6-C857A36458B4}.Debug|Any CPU.Build.0 = Debug|Any CPU
		{94CB7350-3AB4-4FE6-ACC6-C857A36458B4}.Release|Any CPU.ActiveCfg = Release|Any CPU
		{94CB7350-3AB4-4FE6-ACC6-C857A36458B4}.Release|Any CPU.Build.0 = Release|Any CPU
		{30A201E9-B795-46C7-B01A-4BCAA303F466}.Debug|Any CPU.ActiveCfg = Debug|Any CPU
		{30A201E9-B795-46C7-B01A-4BCAA303F466}.Debug|Any CPU.Build.0 = Debug|Any CPU
		{30A201E9-B795-46C7-B01A-4BCAA303F466}.Release|Any CPU.ActiveCfg = Release|Any CPU
		{30A201E9-B795-46C7-B01A-4BCAA303F466}.Release|Any CPU.Build.0 = Release|Any CPU
		{056B9939-9BD6-40A3-8736-825E82CF6E8F}.Debug|Any CPU.ActiveCfg = Debug|Any CPU
		{056B9939-9BD6-40A3-8736-825E82CF6E8F}.Debug|Any CPU.Build.0 = Debug|Any CPU
		{056B9939-9BD6-40A3-8736-825E82CF6E8F}.Release|Any CPU.ActiveCfg = Release|Any CPU
		{056B9939-9BD6-40A3-8736-825E82CF6E8F}.Release|Any CPU.Build.0 = Release|Any CPU
		{20AC11EF-B1FF-40C5-9AD9-FA16F7209A12}.Debug|Any CPU.ActiveCfg = Debug|Any CPU
		{20AC11EF-B1FF-40C5-9AD9-FA16F7209A12}.Debug|Any CPU.Build.0 = Debug|Any CPU
		{20AC11EF-B1FF-40C5-9AD9-FA16F7209A12}.Release|Any CPU.ActiveCfg = Release|Any CPU
		{20AC11EF-B1FF-40C5-9AD9-FA16F7209A12}.Release|Any CPU.Build.0 = Release|Any CPU
		{FDBC21B8-C2CB-4404-ADC3-F2858D47E2B1}.Debug|Any CPU.ActiveCfg = Debug|Any CPU
		{FDBC21B8-C2CB-4404-ADC3-F2858D47E2B1}.Debug|Any CPU.Build.0 = Debug|Any CPU
		{FDBC21B8-C2CB-4404-ADC3-F2858D47E2B1}.Release|Any CPU.ActiveCfg = Release|Any CPU
		{FDBC21B8-C2CB-4404-ADC3-F2858D47E2B1}.Release|Any CPU.Build.0 = Release|Any CPU
		{2D44BB2C-77CB-4871-B06F-2668A0467D47}.Debug|Any CPU.ActiveCfg = Debug|Any CPU
		{2D44BB2C-77CB-4871-B06F-2668A0467D47}.Debug|Any CPU.Build.0 = Debug|Any CPU
		{2D44BB2C-77CB-4871-B06F-2668A0467D47}.Release|Any CPU.ActiveCfg = Release|Any CPU
		{2D44BB2C-77CB-4871-B06F-2668A0467D47}.Release|Any CPU.Build.0 = Release|Any CPU
		{0D729B39-EA86-4BB9-B1F8-4F26F16E476C}.Debug|Any CPU.ActiveCfg = Debug|Any CPU
		{0D729B39-EA86-4BB9-B1F8-4F26F16E476C}.Debug|Any CPU.Build.0 = Debug|Any CPU
		{0D729B39-EA86-4BB9-B1F8-4F26F16E476C}.Release|Any CPU.ActiveCfg = Release|Any CPU
		{0D729B39-EA86-4BB9-B1F8-4F26F16E476C}.Release|Any CPU.Build.0 = Release|Any CPU
		{E6910393-2D19-42C6-A4C6-923D48D399C6}.Debug|Any CPU.ActiveCfg = Debug|Any CPU
		{E6910393-2D19-42C6-A4C6-923D48D399C6}.Debug|Any CPU.Build.0 = Debug|Any CPU
		{E6910393-2D19-42C6-A4C6-923D48D399C6}.Release|Any CPU.ActiveCfg = Release|Any CPU
		{E6910393-2D19-42C6-A4C6-923D48D399C6}.Release|Any CPU.Build.0 = Release|Any CPU
		{98486164-F60E-4C17-AEB7-0CB58CB0714A}.Debug|Any CPU.ActiveCfg = Debug|Any CPU
		{98486164-F60E-4C17-AEB7-0CB58CB0714A}.Debug|Any CPU.Build.0 = Debug|Any CPU
		{98486164-F60E-4C17-AEB7-0CB58CB0714A}.Release|Any CPU.ActiveCfg = Release|Any CPU
		{98486164-F60E-4C17-AEB7-0CB58CB0714A}.Release|Any CPU.Build.0 = Release|Any CPU
		{13C43961-7D16-41DC-825F-BFF3D3066B11}.Debug|Any CPU.ActiveCfg = Debug|Any CPU
		{13C43961-7D16-41DC-825F-BFF3D3066B11}.Debug|Any CPU.Build.0 = Debug|Any CPU
		{13C43961-7D16-41DC-825F-BFF3D3066B11}.Release|Any CPU.ActiveCfg = Release|Any CPU
		{13C43961-7D16-41DC-825F-BFF3D3066B11}.Release|Any CPU.Build.0 = Release|Any CPU
		{AD9BA482-25FF-402A-B35F-AB0EFEA09D82}.Debug|Any CPU.ActiveCfg = Debug|Any CPU
		{AD9BA482-25FF-402A-B35F-AB0EFEA09D82}.Debug|Any CPU.Build.0 = Debug|Any CPU
		{AD9BA482-25FF-402A-B35F-AB0EFEA09D82}.Release|Any CPU.ActiveCfg = Release|Any CPU
		{AD9BA482-25FF-402A-B35F-AB0EFEA09D82}.Release|Any CPU.Build.0 = Release|Any CPU
		{A92B8D1B-4E6A-4C8E-B5E5-E342EDA71AFB}.Debug|Any CPU.ActiveCfg = Debug|Any CPU
		{A92B8D1B-4E6A-4C8E-B5E5-E342EDA71AFB}.Debug|Any CPU.Build.0 = Debug|Any CPU
		{A92B8D1B-4E6A-4C8E-B5E5-E342EDA71AFB}.Release|Any CPU.ActiveCfg = Release|Any CPU
		{A92B8D1B-4E6A-4C8E-B5E5-E342EDA71AFB}.Release|Any CPU.Build.0 = Release|Any CPU
		{84F50677-0256-4CF4-AEFD-C69AB66E7323}.Debug|Any CPU.ActiveCfg = Debug|Any CPU
		{84F50677-0256-4CF4-AEFD-C69AB66E7323}.Debug|Any CPU.Build.0 = Debug|Any CPU
		{84F50677-0256-4CF4-AEFD-C69AB66E7323}.Release|Any CPU.ActiveCfg = Release|Any CPU
		{84F50677-0256-4CF4-AEFD-C69AB66E7323}.Release|Any CPU.Build.0 = Release|Any CPU
		{20D40B61-E48C-4E3E-A44E-C19588598374}.Debug|Any CPU.ActiveCfg = Debug|Any CPU
		{20D40B61-E48C-4E3E-A44E-C19588598374}.Debug|Any CPU.Build.0 = Debug|Any CPU
		{20D40B61-E48C-4E3E-A44E-C19588598374}.Release|Any CPU.ActiveCfg = Release|Any CPU
		{20D40B61-E48C-4E3E-A44E-C19588598374}.Release|Any CPU.Build.0 = Release|Any CPU
		{7E5F7A8F-AAB7-4C20-9420-07BF28C48376}.Debug|Any CPU.ActiveCfg = Debug|Any CPU
		{7E5F7A8F-AAB7-4C20-9420-07BF28C48376}.Debug|Any CPU.Build.0 = Debug|Any CPU
		{7E5F7A8F-AAB7-4C20-9420-07BF28C48376}.Release|Any CPU.ActiveCfg = Release|Any CPU
		{7E5F7A8F-AAB7-4C20-9420-07BF28C48376}.Release|Any CPU.Build.0 = Release|Any CPU
		{D8EF95B0-0078-4FBF-B5B4-F3AF36144A4D}.Debug|Any CPU.ActiveCfg = Debug|Any CPU
		{D8EF95B0-0078-4FBF-B5B4-F3AF36144A4D}.Debug|Any CPU.Build.0 = Debug|Any CPU
		{D8EF95B0-0078-4FBF-B5B4-F3AF36144A4D}.Release|Any CPU.ActiveCfg = Release|Any CPU
		{D8EF95B0-0078-4FBF-B5B4-F3AF36144A4D}.Release|Any CPU.Build.0 = Release|Any CPU
		{D039E594-6412-48C4-80D7-FFED2CD9785E}.Debug|Any CPU.ActiveCfg = Debug|Any CPU
		{D039E594-6412-48C4-80D7-FFED2CD9785E}.Debug|Any CPU.Build.0 = Debug|Any CPU
		{D039E594-6412-48C4-80D7-FFED2CD9785E}.Release|Any CPU.ActiveCfg = Release|Any CPU
		{D039E594-6412-48C4-80D7-FFED2CD9785E}.Release|Any CPU.Build.0 = Release|Any CPU
		{AB10D826-C15F-4DA1-9936-D445A78D6DBF}.Debug|Any CPU.ActiveCfg = Debug|Any CPU
		{AB10D826-C15F-4DA1-9936-D445A78D6DBF}.Debug|Any CPU.Build.0 = Debug|Any CPU
		{AB10D826-C15F-4DA1-9936-D445A78D6DBF}.Release|Any CPU.ActiveCfg = Release|Any CPU
		{AB10D826-C15F-4DA1-9936-D445A78D6DBF}.Release|Any CPU.Build.0 = Release|Any CPU
		{E8ABCDD3-A3B3-4177-B786-909710BA47DE}.Debug|Any CPU.ActiveCfg = Debug|Any CPU
		{E8ABCDD3-A3B3-4177-B786-909710BA47DE}.Debug|Any CPU.Build.0 = Debug|Any CPU
		{E8ABCDD3-A3B3-4177-B786-909710BA47DE}.Release|Any CPU.ActiveCfg = Release|Any CPU
		{E8ABCDD3-A3B3-4177-B786-909710BA47DE}.Release|Any CPU.Build.0 = Release|Any CPU
		{184C347A-E086-4F40-8649-FD4D795F10A5}.Debug|Any CPU.ActiveCfg = Debug|Any CPU
		{184C347A-E086-4F40-8649-FD4D795F10A5}.Debug|Any CPU.Build.0 = Debug|Any CPU
		{184C347A-E086-4F40-8649-FD4D795F10A5}.Release|Any CPU.ActiveCfg = Release|Any CPU
		{184C347A-E086-4F40-8649-FD4D795F10A5}.Release|Any CPU.Build.0 = Release|Any CPU
		{05398F55-1A3B-4907-A6A9-5C44D7562A37}.Debug|Any CPU.ActiveCfg = Debug|Any CPU
		{05398F55-1A3B-4907-A6A9-5C44D7562A37}.Debug|Any CPU.Build.0 = Debug|Any CPU
		{05398F55-1A3B-4907-A6A9-5C44D7562A37}.Release|Any CPU.ActiveCfg = Release|Any CPU
		{05398F55-1A3B-4907-A6A9-5C44D7562A37}.Release|Any CPU.Build.0 = Release|Any CPU
		{D29E3E71-A2CB-439F-BB6C-A32D6AFAA27B}.Debug|Any CPU.ActiveCfg = Debug|Any CPU
		{D29E3E71-A2CB-439F-BB6C-A32D6AFAA27B}.Debug|Any CPU.Build.0 = Debug|Any CPU
		{D29E3E71-A2CB-439F-BB6C-A32D6AFAA27B}.Release|Any CPU.ActiveCfg = Release|Any CPU
		{D29E3E71-A2CB-439F-BB6C-A32D6AFAA27B}.Release|Any CPU.Build.0 = Release|Any CPU
		{8BEC19A4-8468-4AB8-A904-FCE0594986D9}.Debug|Any CPU.ActiveCfg = Debug|Any CPU
		{8BEC19A4-8468-4AB8-A904-FCE0594986D9}.Debug|Any CPU.Build.0 = Debug|Any CPU
		{8BEC19A4-8468-4AB8-A904-FCE0594986D9}.Release|Any CPU.ActiveCfg = Release|Any CPU
		{8BEC19A4-8468-4AB8-A904-FCE0594986D9}.Release|Any CPU.Build.0 = Release|Any CPU
	EndGlobalSection
	GlobalSection(SolutionProperties) = preSolution
		HideSolutionNode = FALSE
	EndGlobalSection
	GlobalSection(NestedProjects) = preSolution
		{06D55715-BC55-46CD-96FE-D509F18FEB35} = {513AD4E9-4487-44C5-8E35-CB2DB1037C35}
		{94CB7350-3AB4-4FE6-ACC6-C857A36458B4} = {513AD4E9-4487-44C5-8E35-CB2DB1037C35}
		{30A201E9-B795-46C7-B01A-4BCAA303F466} = {513AD4E9-4487-44C5-8E35-CB2DB1037C35}
		{056B9939-9BD6-40A3-8736-825E82CF6E8F} = {A1F8B4A6-55DE-458F-8875-43591C2DD12D}
		{20AC11EF-B1FF-40C5-9AD9-FA16F7209A12} = {A1F8B4A6-55DE-458F-8875-43591C2DD12D}
		{FDBC21B8-C2CB-4404-ADC3-F2858D47E2B1} = {A1F8B4A6-55DE-458F-8875-43591C2DD12D}
		{2D44BB2C-77CB-4871-B06F-2668A0467D47} = {4795E845-4519-44A0-AB72-61B1866D1012}
		{0D729B39-EA86-4BB9-B1F8-4F26F16E476C} = {4795E845-4519-44A0-AB72-61B1866D1012}
		{E6910393-2D19-42C6-A4C6-923D48D399C6} = {4795E845-4519-44A0-AB72-61B1866D1012}
		{98486164-F60E-4C17-AEB7-0CB58CB0714A} = {9CF66F67-77A6-4935-8F2A-1B12A920D48B}
		{13C43961-7D16-41DC-825F-BFF3D3066B11} = {9CF66F67-77A6-4935-8F2A-1B12A920D48B}
		{AD9BA482-25FF-402A-B35F-AB0EFEA09D82} = {9CF66F67-77A6-4935-8F2A-1B12A920D48B}
		{A92B8D1B-4E6A-4C8E-B5E5-E342EDA71AFB} = {29D05699-CC78-4FC1-80D1-6A8A72489F97}
		{84F50677-0256-4CF4-AEFD-C69AB66E7323} = {29D05699-CC78-4FC1-80D1-6A8A72489F97}
		{20D40B61-E48C-4E3E-A44E-C19588598374} = {29D05699-CC78-4FC1-80D1-6A8A72489F97}
		{7E5F7A8F-AAB7-4C20-9420-07BF28C48376} = {DDF82E03-5200-4713-94A8-C9430BF705A7}
		{D8EF95B0-0078-4FBF-B5B4-F3AF36144A4D} = {DDF82E03-5200-4713-94A8-C9430BF705A7}
		{D039E594-6412-48C4-80D7-FFED2CD9785E} = {DDF82E03-5200-4713-94A8-C9430BF705A7}
		{AB10D826-C15F-4DA1-9936-D445A78D6DBF} = {50B1FB6E-AF38-4EA6-B964-10915FF2BA15}
		{E8ABCDD3-A3B3-4177-B786-909710BA47DE} = {50B1FB6E-AF38-4EA6-B964-10915FF2BA15}
		{184C347A-E086-4F40-8649-FD4D795F10A5} = {50B1FB6E-AF38-4EA6-B964-10915FF2BA15}
		{05398F55-1A3B-4907-A6A9-5C44D7562A37} = {2C275823-7671-4796-97B3-B69F0B8E4B5F}
		{D29E3E71-A2CB-439F-BB6C-A32D6AFAA27B} = {2C275823-7671-4796-97B3-B69F0B8E4B5F}
		{8BEC19A4-8468-4AB8-A904-FCE0594986D9} = {2C275823-7671-4796-97B3-B69F0B8E4B5F}
	EndGlobalSection
	GlobalSection(ExtensibilityGlobals) = postSolution
		SolutionGuid = {093891E4-1FD9-46D5-97AC-5D2D817444C4}
	EndGlobalSection
EndGlobal
